
Microsoft Visual Studio Solution File, Format Version 12.00
# Visual Studio Version 16
VisualStudioVersion = 16.0.31624.102
MinimumVisualStudioVersion = 10.0.40219.1
Project("{FAE04EC0-301F-11D3-BF4B-00C04F79EFBC}") = "Sparky", "Sparky\Sparky.csproj", "{2D998E77-5034-4593-9B42-94D917F50600}"
EndProject
Project("{FAE04EC0-301F-11D3-BF4B-00C04F79EFBC}") = "SparkyMSTest", "SparkyMSTest\SparkyMSTest.csproj", "{BD09EBF4-E4E7-4D24-A980-351E24DE8F6E}"
EndProject
Project("{FAE04EC0-301F-11D3-BF4B-00C04F79EFBC}") = "SparkyNUnitTest", "SparkyNUnitTest\SparkyNUnitTest.csproj", "{94726A39-38A0-4799-8103-522FC81F899E}"
EndProject
Global
	GlobalSection(SolutionConfigurationPlatforms) = preSolution
		Debug|Any CPU = Debug|Any CPU
		Release|Any CPU = Release|Any CPU
	EndGlobalSection
	GlobalSection(ProjectConfigurationPlatforms) = postSolution
		{2D998E77-5034-4593-9B42-94D917F50600}.Debug|Any CPU.ActiveCfg = Debug|Any CPU
		{2D998E77-5034-4593-9B42-94D917F50600}.Debug|Any CPU.Build.0 = Debug|Any CPU
		{2D998E77-5034-4593-9B42-94D917F50600}.Release|Any CPU.ActiveCfg = Release|Any CPU
		{2D998E77-5034-4593-9B42-94D917F50600}.Release|Any CPU.Build.0 = Release|Any CPU
		{BD09EBF4-E4E7-4D24-A980-351E24DE8F6E}.Debug|Any CPU.ActiveCfg = Debug|Any CPU
		{BD09EBF4-E4E7-4D24-A980-351E24DE8F6E}.Debug|Any CPU.Build.0 = Debug|Any CPU
		{BD09EBF4-E4E7-4D24-A980-351E24DE8F6E}.Release|Any CPU.ActiveCfg = Release|Any CPU
		{BD09EBF4-E4E7-4D24-A980-351E24DE8F6E}.Release|Any CPU.Build.0 = Release|Any CPU
		{94726A39-38A0-4799-8103-522FC81F899E}.Debug|Any CPU.ActiveCfg = Debug|Any CPU
		{94726A39-38A0-4799-8103-522FC81F899E}.Debug|Any CPU.Build.0 = Debug|Any CPU
		{94726A39-38A0-4799-8103-522FC81F899E}.Release|Any CPU.ActiveCfg = Release|Any CPU
		{94726A39-38A0-4799-8103-522FC81F899E}.Release|Any CPU.Build.0 = Release|Any CPU
	EndGlobalSection
	GlobalSection(SolutionProperties) = preSolution
		HideSolutionNode = FALSE
	EndGlobalSection
	GlobalSection(ExtensibilityGlobals) = postSolution
		SolutionGuid = {AAE84161-5074-4300-B403-B9E2E108EBF8}
	EndGlobalSection
EndGlobal
